
Microsoft Visual Studio Solution File, Format Version 12.00
# Visual Studio Version 17
VisualStudioVersion = 17.4.33213.308
MinimumVisualStudioVersion = 10.0.40219.1
Project("{FAE04EC0-301F-11D3-BF4B-00C04F79EFBC}") = "p1parcial2", "p1parcial2\p1parcial2.csproj", "{55FCA8CC-79C5-4F8B-87BC-FB0A99A0468B}"
EndProject
Global
	GlobalSection(SolutionConfigurationPlatforms) = preSolution
		Debug|Any CPU = Debug|Any CPU
		Release|Any CPU = Release|Any CPU
	EndGlobalSection
	GlobalSection(ProjectConfigurationPlatforms) = postSolution
		{55FCA8CC-79C5-4F8B-87BC-FB0A99A0468B}.Debug|Any CPU.ActiveCfg = Debug|Any CPU
		{55FCA8CC-79C5-4F8B-87BC-FB0A99A0468B}.Debug|Any CPU.Build.0 = Debug|Any CPU
		{55FCA8CC-79C5-4F8B-87BC-FB0A99A0468B}.Release|Any CPU.ActiveCfg = Release|Any CPU
		{55FCA8CC-79C5-4F8B-87BC-FB0A99A0468B}.Release|Any CPU.Build.0 = Release|Any CPU
	EndGlobalSection
	GlobalSection(SolutionProperties) = preSolution
		HideSolutionNode = FALSE
	EndGlobalSection
	GlobalSection(ExtensibilityGlobals) = postSolution
		SolutionGuid = {EDB18FBA-ABE7-448A-8F6D-008E957B9761}
	EndGlobalSection
EndGlobal
